# This file is automatically @generated by pesde.
# It is not intended for manual editing.
format = 2
name = "components/midnight_verifiable_credential_d"
version = "0.1.0"
target = "luau"

[graph."patextreme/ptah_libs@0.0.0-6d878de67339947716cbf31c05465b9d8914d81f luau"]
direct = ["ptah_libs", { repo = "https://github.com/patextreme/ptah-libs", rev = "main" }, "standard"]

[graph."patextreme/ptah_libs@0.0.0-6d878de67339947716cbf31c05465b9d8914d81f luau".pkg_ref]
ref_ty = "git"
repo = "https://github.com/patextreme/ptah-libs"
tree_id = "6d878de67339947716cbf31c05465b9d8914d81f"
new_structure = true
